
Microsoft Visual Studio Solution File, Format Version 12.00
# Visual Studio 15
VisualStudioVersion = 15.0.28307.168
MinimumVisualStudioVersion = 10.0.40219.1
Project("{9A19103F-16F7-4668-BE54-9A1E7A4F7556}") = "TrafficComet.JsonFile.LogWriter", "TrafficComet.JsonFile.LogWriter\TrafficComet.JsonFile.LogWriter.csproj", "{CE4AF553-8600-4FA0-9343-0348DBBC5181}"
EndProject
Project("{9A19103F-16F7-4668-BE54-9A1E7A4F7556}") = "TrafficComet.JsonLogWriter.Tests", "TrafficComet.JsonFile.LogWriter.Tests\TrafficComet.JsonLogWriter.Tests.csproj", "{B4C96746-B0BC-4B13-A9DF-3857BA25D58D}"
EndProject
Project("{2150E333-8FDC-42A3-9474-1A3956D46DE8}") = "samples", "samples", "{25140BC2-57F7-4CAA-B0E9-09D17FFB49B2}"
EndProject
Project("{2150E333-8FDC-42A3-9474-1A3956D46DE8}") = "SimpleWebApi", "SimpleWebApi", "{BBB96CF2-E4DC-4445-845A-5A3C37D1639F}"
EndProject
Project("{9A19103F-16F7-4668-BE54-9A1E7A4F7556}") = "TrafficComet.WebApiTest", "samples\SimpleWebApi\TrafficComet.WebApiTest\TrafficComet.WebApiTest.csproj", "{36B0F1AC-6585-4774-A31B-7A47F38B71D8}"
EndProject
Global
	GlobalSection(SolutionConfigurationPlatforms) = preSolution
		Debug|Any CPU = Debug|Any CPU
		Release|Any CPU = Release|Any CPU
	EndGlobalSection
	GlobalSection(ProjectConfigurationPlatforms) = postSolution
		{CE4AF553-8600-4FA0-9343-0348DBBC5181}.Debug|Any CPU.ActiveCfg = Debug|Any CPU
		{CE4AF553-8600-4FA0-9343-0348DBBC5181}.Debug|Any CPU.Build.0 = Debug|Any CPU
		{CE4AF553-8600-4FA0-9343-0348DBBC5181}.Release|Any CPU.ActiveCfg = Release|Any CPU
		{CE4AF553-8600-4FA0-9343-0348DBBC5181}.Release|Any CPU.Build.0 = Release|Any CPU
		{B4C96746-B0BC-4B13-A9DF-3857BA25D58D}.Debug|Any CPU.ActiveCfg = Debug|Any CPU
		{B4C96746-B0BC-4B13-A9DF-3857BA25D58D}.Debug|Any CPU.Build.0 = Debug|Any CPU
		{B4C96746-B0BC-4B13-A9DF-3857BA25D58D}.Release|Any CPU.ActiveCfg = Release|Any CPU
		{B4C96746-B0BC-4B13-A9DF-3857BA25D58D}.Release|Any CPU.Build.0 = Release|Any CPU
		{36B0F1AC-6585-4774-A31B-7A47F38B71D8}.Debug|Any CPU.ActiveCfg = Debug|Any CPU
		{36B0F1AC-6585-4774-A31B-7A47F38B71D8}.Debug|Any CPU.Build.0 = Debug|Any CPU
		{36B0F1AC-6585-4774-A31B-7A47F38B71D8}.Release|Any CPU.ActiveCfg = Release|Any CPU
		{36B0F1AC-6585-4774-A31B-7A47F38B71D8}.Release|Any CPU.Build.0 = Release|Any CPU
	EndGlobalSection
	GlobalSection(SolutionProperties) = preSolution
		HideSolutionNode = FALSE
	EndGlobalSection
	GlobalSection(NestedProjects) = preSolution
		{BBB96CF2-E4DC-4445-845A-5A3C37D1639F} = {25140BC2-57F7-4CAA-B0E9-09D17FFB49B2}
		{36B0F1AC-6585-4774-A31B-7A47F38B71D8} = {BBB96CF2-E4DC-4445-845A-5A3C37D1639F}
	EndGlobalSection
	GlobalSection(ExtensibilityGlobals) = postSolution
		SolutionGuid = {9CDB0572-746D-435D-AAE7-04904DE18879}
	EndGlobalSection
EndGlobal
